
Microsoft Visual Studio Solution File, Format Version 12.00
# Visual Studio Version 17
VisualStudioVersion = 17.14.36705.20
MinimumVisualStudioVersion = 10.0.40219.1
Project("{FAE04EC0-301F-11D3-BF4B-00C04F79EFBC}") = "BillsMinimalApi", "BillsMinimalApi.csproj", "{2FC399B0-23A6-4BC6-A4D1-A6FADA351526}"
EndProject
Project("{FAE04EC0-301F-11D3-BF4B-00C04F79EFBC}") = "BillsFrontEndBlazor", "..\bills-frontend\BillsFrontEndBlazor\BillsFrontEndBlazor.csproj", "{CA967ABE-356A-B502-0E04-51F478E05B38}"
EndProject
Project("{FAE04EC0-301F-11D3-BF4B-00C04F79EFBC}") = "BillsMinimalApi.Tests", "..\tests\BillsMinimalApi.Tests\BillsMinimalApi.Tests.csproj", "{1925F9F6-481B-4AC3-B8E2-1DC5651F5C80}"
EndProject
Project("{FAE04EC0-301F-11D3-BF4B-00C04F79EFBC}") = "BillsMinimalApi.Contracts", "..\BillsMinimalApi.Contracts\BillsMinimalApi.Contracts.csproj", "{008DED55-D085-4377-95D4-FCEA44B12D7B}"
EndProject
Project("{FAE04EC0-301F-11D3-BF4B-00C04F79EFBC}") = "BillsMinimalApi.UnitTests", "..\tests\BillsMinimalApi.UnitTests\BillsMinimalApi.UnitTests.csproj", "{1BC7480A-34B8-4657-9D71-35AE00ACFB01}"
EndProject
Global
	GlobalSection(SolutionConfigurationPlatforms) = preSolution
		Debug|Any CPU = Debug|Any CPU
		Debug|x64 = Debug|x64
		Debug|x86 = Debug|x86
		Release|Any CPU = Release|Any CPU
		Release|x64 = Release|x64
		Release|x86 = Release|x86
	EndGlobalSection
	GlobalSection(ProjectConfigurationPlatforms) = postSolution
		{2FC399B0-23A6-4BC6-A4D1-A6FADA351526}.Debug|Any CPU.ActiveCfg = Debug|Any CPU
		{2FC399B0-23A6-4BC6-A4D1-A6FADA351526}.Debug|Any CPU.Build.0 = Debug|Any CPU
		{2FC399B0-23A6-4BC6-A4D1-A6FADA351526}.Debug|x64.ActiveCfg = Debug|Any CPU
		{2FC399B0-23A6-4BC6-A4D1-A6FADA351526}.Debug|x64.Build.0 = Debug|Any CPU
		{2FC399B0-23A6-4BC6-A4D1-A6FADA351526}.Debug|x86.ActiveCfg = Debug|Any CPU
		{2FC399B0-23A6-4BC6-A4D1-A6FADA351526}.Debug|x86.Build.0 = Debug|Any CPU
		{2FC399B0-23A6-4BC6-A4D1-A6FADA351526}.Release|Any CPU.ActiveCfg = Release|Any CPU
		{2FC399B0-23A6-4BC6-A4D1-A6FADA351526}.Release|Any CPU.Build.0 = Release|Any CPU
		{2FC399B0-23A6-4BC6-A4D1-A6FADA351526}.Release|x64.ActiveCfg = Release|Any CPU
		{2FC399B0-23A6-4BC6-A4D1-A6FADA351526}.Release|x64.Build.0 = Release|Any CPU
		{2FC399B0-23A6-4BC6-A4D1-A6FADA351526}.Release|x86.ActiveCfg = Release|Any CPU
		{2FC399B0-23A6-4BC6-A4D1-A6FADA351526}.Release|x86.Build.0 = Release|Any CPU
		{CA967ABE-356A-B502-0E04-51F478E05B38}.Debug|Any CPU.ActiveCfg = Debug|Any CPU
		{CA967ABE-356A-B502-0E04-51F478E05B38}.Debug|Any CPU.Build.0 = Debug|Any CPU
		{CA967ABE-356A-B502-0E04-51F478E05B38}.Debug|x64.ActiveCfg = Debug|Any CPU
		{CA967ABE-356A-B502-0E04-51F478E05B38}.Debug|x64.Build.0 = Debug|Any CPU
		{CA967ABE-356A-B502-0E04-51F478E05B38}.Debug|x86.ActiveCfg = Debug|Any CPU
		{CA967ABE-356A-B502-0E04-51F478E05B38}.Debug|x86.Build.0 = Debug|Any CPU
		{CA967ABE-356A-B502-0E04-51F478E05B38}.Release|Any CPU.ActiveCfg = Release|Any CPU
		{CA967ABE-356A-B502-0E04-51F478E05B38}.Release|Any CPU.Build.0 = Release|Any CPU
		{CA967ABE-356A-B502-0E04-51F478E05B38}.Release|x64.ActiveCfg = Release|Any CPU
		{CA967ABE-356A-B502-0E04-51F478E05B38}.Release|x64.Build.0 = Release|Any CPU
		{CA967ABE-356A-B502-0E04-51F478E05B38}.Release|x86.ActiveCfg = Release|Any CPU
		{CA967ABE-356A-B502-0E04-51F478E05B38}.Release|x86.Build.0 = Release|Any CPU
		{1925F9F6-481B-4AC3-B8E2-1DC5651F5C80}.Debug|Any CPU.ActiveCfg = Debug|Any CPU
		{1925F9F6-481B-4AC3-B8E2-1DC5651F5C80}.Debug|Any CPU.Build.0 = Debug|Any CPU
		{1925F9F6-481B-4AC3-B8E2-1DC5651F5C80}.Debug|x64.ActiveCfg = Debug|Any CPU
		{1925F9F6-481B-4AC3-B8E2-1DC5651F5C80}.Debug|x64.Build.0 = Debug|Any CPU
		{1925F9F6-481B-4AC3-B8E2-1DC5651F5C80}.Debug|x86.ActiveCfg = Debug|Any CPU
		{1925F9F6-481B-4AC3-B8E2-1DC5651F5C80}.Debug|x86.Build.0 = Debug|Any CPU
		{1925F9F6-481B-4AC3-B8E2-1DC5651F5C80}.Release|Any CPU.ActiveCfg = Release|Any CPU
		{1925F9F6-481B-4AC3-B8E2-1DC5651F5C80}.Release|Any CPU.Build.0 = Release|Any CPU
		{1925F9F6-481B-4AC3-B8E2-1DC5651F5C80}.Release|x64.ActiveCfg = Release|Any CPU
		{1925F9F6-481B-4AC3-B8E2-1DC5651F5C80}.Release|x64.Build.0 = Release|Any CPU
		{1925F9F6-481B-4AC3-B8E2-1DC5651F5C80}.Release|x86.ActiveCfg = Release|Any CPU
		{1925F9F6-481B-4AC3-B8E2-1DC5651F5C80}.Release|x86.Build.0 = Release|Any CPU
		{008DED55-D085-4377-95D4-FCEA44B12D7B}.Debug|Any CPU.ActiveCfg = Debug|Any CPU
		{008DED55-D085-4377-95D4-FCEA44B12D7B}.Debug|Any CPU.Build.0 = Debug|Any CPU
		{008DED55-D085-4377-95D4-FCEA44B12D7B}.Debug|x64.ActiveCfg = Debug|Any CPU
		{008DED55-D085-4377-95D4-FCEA44B12D7B}.Debug|x64.Build.0 = Debug|Any CPU
		{008DED55-D085-4377-95D4-FCEA44B12D7B}.Debug|x86.ActiveCfg = Debug|Any CPU
		{008DED55-D085-4377-95D4-FCEA44B12D7B}.Debug|x86.Build.0 = Debug|Any CPU
		{008DED55-D085-4377-95D4-FCEA44B12D7B}.Release|Any CPU.ActiveCfg = Release|Any CPU
		{008DED55-D085-4377-95D4-FCEA44B12D7B}.Release|Any CPU.Build.0 = Release|Any CPU
		{008DED55-D085-4377-95D4-FCEA44B12D7B}.Release|x64.ActiveCfg = Release|Any CPU
		{008DED55-D085-4377-95D4-FCEA44B12D7B}.Release|x64.Build.0 = Release|Any CPU
		{008DED55-D085-4377-95D4-FCEA44B12D7B}.Release|x86.ActiveCfg = Release|Any CPU
		{008DED55-D085-4377-95D4-FCEA44B12D7B}.Release|x86.Build.0 = Release|Any CPU
		{1BC7480A-34B8-4657-9D71-35AE00ACFB01}.Debug|Any CPU.ActiveCfg = Debug|Any CPU
		{1BC7480A-34B8-4657-9D71-35AE00ACFB01}.Debug|Any CPU.Build.0 = Debug|Any CPU
		{1BC7480A-34B8-4657-9D71-35AE00ACFB01}.Debug|x64.ActiveCfg = Debug|Any CPU
		{1BC7480A-34B8-4657-9D71-35AE00ACFB01}.Debug|x64.Build.0 = Debug|Any CPU
		{1BC7480A-34B8-4657-9D71-35AE00ACFB01}.Debug|x86.ActiveCfg = Debug|Any CPU
		{1BC7480A-34B8-4657-9D71-35AE00ACFB01}.Debug|x86.Build.0 = Debug|Any CPU
		{1BC7480A-34B8-4657-9D71-35AE00ACFB01}.Release|Any CPU.ActiveCfg = Release|Any CPU
		{1BC7480A-34B8-4657-9D71-35AE00ACFB01}.Release|Any CPU.Build.0 = Release|Any CPU
		{1BC7480A-34B8-4657-9D71-35AE00ACFB01}.Release|x64.ActiveCfg = Release|Any CPU
		{1BC7480A-34B8-4657-9D71-35AE00ACFB01}.Release|x64.Build.0 = Release|Any CPU
		{1BC7480A-34B8-4657-9D71-35AE00ACFB01}.Release|x86.ActiveCfg = Release|Any CPU
		{1BC7480A-34B8-4657-9D71-35AE00ACFB01}.Release|x86.Build.0 = Release|Any CPU
	EndGlobalSection
	GlobalSection(SolutionProperties) = preSolution
		HideSolutionNode = FALSE
	EndGlobalSection
	GlobalSection(ExtensibilityGlobals) = postSolution
		SolutionGuid = {CECF7F3E-4E9F-4C9E-ACD0-39B3AC7DD291}
	EndGlobalSection
EndGlobal
